// !$*UTF8*$!
{
	archiveVersion = 1;
	classes = {
	};
	objectVersion = 77;
	objects = {

/* Begin PBXBuildFile section */
		27BF43A32E0C6EB2002F096B /* Local.xcconfig in Resources */ = {isa = PBXBuildFile; fileRef = 27BF43A22E0C6EB2002F096B /* Local.xcconfig */; };
		27E75B872DF86B24004684BA /* AkilesSDK.xcframework in Frameworks */ = {isa = PBXBuildFile; fileRef = 27E75B862DF86B24004684BA /* AkilesSDK.xcframework */; };
		27E75B882DF86B24004684BA /* AkilesSDK.xcframework in Embed Frameworks */ = {isa = PBXBuildFile; fileRef = 27E75B862DF86B24004684BA /* AkilesSDK.xcframework */; settings = {ATTRIBUTES = (CodeSignOnCopy, RemoveHeadersOnCopy, ); }; };
/* End PBXBuildFile section */

/* Begin PBXContainerItemProxy section */
		276A4DC12DE9B6EF0095C6A9 /* PBXContainerItemProxy */ = {
			isa = PBXContainerItemProxy;
			containerPortal = 276A4DAB2DE9B6EE0095C6A9 /* Project object */;
			proxyType = 1;
			remoteGlobalIDString = 276A4DB22DE9B6EE0095C6A9;
			remoteInfo = AkilesSDKDemo;
		};
		276A4DCB2DE9B6EF0095C6A9 /* PBXContainerItemProxy */ = {
			isa = PBXContainerItemProxy;
			containerPortal = 276A4DAB2DE9B6EE0095C6A9 /* Project object */;
			proxyType = 1;
			remoteGlobalIDString = 276A4DB22DE9B6EE0095C6A9;
			remoteInfo = AkilesSDKDemo;
		};
/* End PBXContainerItemProxy section */

/* Begin PBXCopyFilesBuildPhase section */
		27EF3B822DF4D35300AD8C15 /* Embed Frameworks */ = {
			isa = PBXCopyFilesBuildPhase;
			buildActionMask = 2147483647;
			dstPath = "";
			dstSubfolderSpec = 10;
			files = (
				27E75B882DF86B24004684BA /* AkilesSDK.xcframework in Embed Frameworks */,
			);
			name = "Embed Frameworks";
			runOnlyForDeploymentPostprocessing = 0;
		};
/* End PBXCopyFilesBuildPhase section */

/* Begin PBXFileReference section */
		276A4DB32DE9B6EE0095C6A9 /* AkilesSDKDemo.app */ = {isa = PBXFileReference; explicitFileType = wrapper.application; includeInIndex = 0; path = AkilesSDKDemo.app; sourceTree = BUILT_PRODUCTS_DIR; };
		276A4DC02DE9B6EF0095C6A9 /* AkilesSDKDemoTests.xctest */ = {isa = PBXFileReference; explicitFileType = wrapper.cfbundle; includeInIndex = 0; path = AkilesSDKDemoTests.xctest; sourceTree = BUILT_PRODUCTS_DIR; };
		276A4DCA2DE9B6EF0095C6A9 /* AkilesSDKDemoUITests.xctest */ = {isa = PBXFileReference; explicitFileType = wrapper.cfbundle; includeInIndex = 0; path = AkilesSDKDemoUITests.xctest; sourceTree = BUILT_PRODUCTS_DIR; };
		27BF43A22E0C6EB2002F096B /* Local.xcconfig */ = {isa = PBXFileReference; lastKnownFileType = text.xcconfig; path = Local.xcconfig; sourceTree = "<group>"; };
		27E75B862DF86B24004684BA /* AkilesSDK.xcframework */ = {isa = PBXFileReference; lastKnownFileType = wrapper.xcframework; name = AkilesSDK.xcframework; path = ../AkilesSDK.xcframework; sourceTree = "<group>"; };
/* End PBXFileReference section */

/* Begin PBXFileSystemSynchronizedBuildFileExceptionSet section */
		274F062C2DEED8A100343DF8 /* Exceptions for "AkilesSDKDemo" folder in "AkilesSDKDemo" target */ = {
			isa = PBXFileSystemSynchronizedBuildFileExceptionSet;
			membershipExceptions = (
				Info.plist,
			);
			target = 276A4DB22DE9B6EE0095C6A9 /* AkilesSDKDemo */;
		};
/* End PBXFileSystemSynchronizedBuildFileExceptionSet section */

/* Begin PBXFileSystemSynchronizedRootGroup section */
		276A4DB52DE9B6EE0095C6A9 /* AkilesSDKDemo */ = {
			isa = PBXFileSystemSynchronizedRootGroup;
			exceptions = (
				274F062C2DEED8A100343DF8 /* Exceptions for "AkilesSDKDemo" folder in "AkilesSDKDemo" target */,
			);
			path = AkilesSDKDemo;
			sourceTree = "<group>";
		};
/* End PBXFileSystemSynchronizedRootGroup section */

/* Begin PBXFrameworksBuildPhase section */
		276A4DB02DE9B6EE0095C6A9 /* Frameworks */ = {
			isa = PBXFrameworksBuildPhase;
			buildActionMask = 2147483647;
			files = (
				27E75B872DF86B24004684BA /* AkilesSDK.xcframework in Frameworks */,
			);
			runOnlyForDeploymentPostprocessing = 0;
		};
		276A4DBD2DE9B6EF0095C6A9 /* Frameworks */ = {
			isa = PBXFrameworksBuildPhase;
			buildActionMask = 2147483647;
			files = (
			);
			runOnlyForDeploymentPostprocessing = 0;
		};
		276A4DC72DE9B6EF0095C6A9 /* Frameworks */ = {
			isa = PBXFrameworksBuildPhase;
			buildActionMask = 2147483647;
			files = (
			);
			runOnlyForDeploymentPostprocessing = 0;
		};
/* End PBXFrameworksBuildPhase section */

/* Begin PBXGroup section */
		276A4DAA2DE9B6EE0095C6A9 = {
			isa = PBXGroup;
			children = (
				276A4DB52DE9B6EE0095C6A9 /* AkilesSDKDemo */,
				276A4DEA2DE9B8940095C6A9 /* Frameworks */,
				276A4DB42DE9B6EE0095C6A9 /* Products */,
				27BF43A22E0C6EB2002F096B /* Local.xcconfig */,
			);
			sourceTree = "<group>";
		};
		276A4DB42DE9B6EE0095C6A9 /* Products */ = {
			isa = PBXGroup;
			children = (
				276A4DB32DE9B6EE0095C6A9 /* AkilesSDKDemo.app */,
				276A4DC02DE9B6EF0095C6A9 /* AkilesSDKDemoTests.xctest */,
				276A4DCA2DE9B6EF0095C6A9 /* AkilesSDKDemoUITests.xctest */,
			);
			name = Products;
			sourceTree = "<group>";
		};
		276A4DEA2DE9B8940095C6A9 /* Frameworks */ = {
			isa = PBXGroup;
			children = (
				27E75B862DF86B24004684BA /* AkilesSDK.xcframework */,
			);
			name = Frameworks;
			sourceTree = "<group>";
		};
/* End PBXGroup section */

/* Begin PBXNativeTarget section */
		276A4DB22DE9B6EE0095C6A9 /* AkilesSDKDemo */ = {
			isa = PBXNativeTarget;
			buildConfigurationList = 276A4DD42DE9B6EF0095C6A9 /* Build configuration list for PBXNativeTarget "AkilesSDKDemo" */;
			buildPhases = (
				276A4DAF2DE9B6EE0095C6A9 /* Sources */,
				276A4DB02DE9B6EE0095C6A9 /* Frameworks */,
				276A4DB12DE9B6EE0095C6A9 /* Resources */,
				27EF3B822DF4D35300AD8C15 /* Embed Frameworks */,
			);
			buildRules = (
			);
			dependencies = (
			);
			fileSystemSynchronizedGroups = (
				276A4DB52DE9B6EE0095C6A9 /* AkilesSDKDemo */,
			);
			name = AkilesSDKDemo;
			packageProductDependencies = (
			);
			productName = AkilesSDKDemo;
			productReference = 276A4DB32DE9B6EE0095C6A9 /* AkilesSDKDemo.app */;
			productType = "com.apple.product-type.application";
		};
		276A4DBF2DE9B6EF0095C6A9 /* AkilesSDKDemoTests */ = {
			isa = PBXNativeTarget;
			buildConfigurationList = 276A4DD72DE9B6EF0095C6A9 /* Build configuration list for PBXNativeTarget "AkilesSDKDemoTests" */;
			buildPhases = (
				276A4DBC2DE9B6EF0095C6A9 /* Sources */,
				276A4DBD2DE9B6EF0095C6A9 /* Frameworks */,
				276A4DBE2DE9B6EF0095C6A9 /* Resources */,
			);
			buildRules = (
			);
			dependencies = (
				276A4DC22DE9B6EF0095C6A9 /* PBXTargetDependency */,
			);
			name = AkilesSDKDemoTests;
			packageProductDependencies = (
			);
			productName = AkilesSDKDemoTests;
			productReference = 276A4DC02DE9B6EF0095C6A9 /* AkilesSDKDemoTests.xctest */;
			productType = "com.apple.product-type.bundle.unit-test";
		};
		276A4DC92DE9B6EF0095C6A9 /* AkilesSDKDemoUITests */ = {
			isa = PBXNativeTarget;
			buildConfigurationList = 276A4DDA2DE9B6EF0095C6A9 /* Build configuration list for PBXNativeTarget "AkilesSDKDemoUITests" */;
			buildPhases = (
				276A4DC62DE9B6EF0095C6A9 /* Sources */,
				276A4DC72DE9B6EF0095C6A9 /* Frameworks */,
				276A4DC82DE9B6EF0095C6A9 /* Resources */,
			);
			buildRules = (
			);
			dependencies = (
				276A4DCC2DE9B6EF0095C6A9 /* PBXTargetDependency */,
			);
			name = AkilesSDKDemoUITests;
			packageProductDependencies = (
			);
			productName = AkilesSDKDemoUITests;
			productReference = 276A4DCA2DE9B6EF0095C6A9 /* AkilesSDKDemoUITests.xctest */;
			productType = "com.apple.product-type.bundle.ui-testing";
		};
/* End PBXNativeTarget section */

/* Begin PBXProject section */
		276A4DAB2DE9B6EE0095C6A9 /* Project object */ = {
			isa = PBXProject;
			attributes = {
				BuildIndependentTargetsInParallel = 1;
				LastSwiftUpdateCheck = 1640;
				LastUpgradeCheck = 1640;
				TargetAttributes = {
					276A4DB22DE9B6EE0095C6A9 = {
						CreatedOnToolsVersion = 16.4;
					};
					276A4DBF2DE9B6EF0095C6A9 = {
						CreatedOnToolsVersion = 16.4;
						TestTargetID = 276A4DB22DE9B6EE0095C6A9;
					};
					276A4DC92DE9B6EF0095C6A9 = {
						CreatedOnToolsVersion = 16.4;
						TestTargetID = 276A4DB22DE9B6EE0095C6A9;
					};
				};
			};
			buildConfigurationList = 276A4DAE2DE9B6EE0095C6A9 /* Build configuration list for PBXProject "AkilesSDKDemo" */;
			developmentRegion = en;
			hasScannedForEncodings = 0;
			knownRegions = (
				en,
				Base,
			);
			mainGroup = 276A4DAA2DE9B6EE0095C6A9;
			minimizedProjectReferenceProxies = 1;
			packageReferences = (
			);
			preferredProjectObjectVersion = 77;
			productRefGroup = 276A4DB42DE9B6EE0095C6A9 /* Products */;
			projectDirPath = "";
			projectRoot = "";
			targets = (
				276A4DB22DE9B6EE0095C6A9 /* AkilesSDKDemo */,
				276A4DBF2DE9B6EF0095C6A9 /* AkilesSDKDemoTests */,
				276A4DC92DE9B6EF0095C6A9 /* AkilesSDKDemoUITests */,
			);
		};
/* End PBXProject section */

/* Begin PBXResourcesBuildPhase section */
		276A4DB12DE9B6EE0095C6A9 /* Resources */ = {
			isa = PBXResourcesBuildPhase;
			buildActionMask = 2147483647;
			files = (
				27BF43A32E0C6EB2002F096B /* Local.xcconfig in Resources */,
			);
			runOnlyForDeploymentPostprocessing = 0;
		};
		276A4DBE2DE9B6EF0095C6A9 /* Resources */ = {
			isa = PBXResourcesBuildPhase;
			buildActionMask = 2147483647;
			files = (
			);
			runOnlyForDeploymentPostprocessing = 0;
		};
		276A4DC82DE9B6EF0095C6A9 /* Resources */ = {
			isa = PBXResourcesBuildPhase;
			buildActionMask = 2147483647;
			files = (
			);
			runOnlyForDeploymentPostprocessing = 0;
		};
/* End PBXResourcesBuildPhase section */

/* Begin PBXSourcesBuildPhase section */
		276A4DAF2DE9B6EE0095C6A9 /* Sources */ = {
			isa = PBXSourcesBuildPhase;
			buildActionMask = 2147483647;
			files = (
			);
			runOnlyForDeploymentPostprocessing = 0;
		};
		276A4DBC2DE9B6EF0095C6A9 /* Sources */ = {
			isa = PBXSourcesBuildPhase;
			buildActionMask = 2147483647;
			files = (
			);
			runOnlyForDeploymentPostprocessing = 0;
		};
		276A4DC62DE9B6EF0095C6A9 /* Sources */ = {
			isa = PBXSourcesBuildPhase;
			buildActionMask = 2147483647;
			files = (
			);
			runOnlyForDeploymentPostprocessing = 0;
		};
/* End PBXSourcesBuildPhase section */

/* Begin PBXTargetDependency section */
		276A4DC22DE9B6EF0095C6A9 /* PBXTargetDependency */ = {
			isa = PBXTargetDependency;
			target = 276A4DB22DE9B6EE0095C6A9 /* AkilesSDKDemo */;
			targetProxy = 276A4DC12DE9B6EF0095C6A9 /* PBXContainerItemProxy */;
		};
		276A4DCC2DE9B6EF0095C6A9 /* PBXTargetDependency */ = {
			isa = PBXTargetDependency;
			target = 276A4DB22DE9B6EE0095C6A9 /* AkilesSDKDemo */;
			targetProxy = 276A4DCB2DE9B6EF0095C6A9 /* PBXContainerItemProxy */;
		};
/* End PBXTargetDependency section */

/* Begin XCBuildConfiguration section */
		276A4DD22DE9B6EF0095C6A9 /* Debug */ = {
			isa = XCBuildConfiguration;
			buildSettings = {
				ALWAYS_SEARCH_USER_PATHS = NO;
				ASSETCATALOG_COMPILER_GENERATE_SWIFT_ASSET_SYMBOL_EXTENSIONS = YES;
				CLANG_ANALYZER_NONNULL = YES;
				CLANG_ANALYZER_NUMBER_OBJECT_CONVERSION = YES_AGGRESSIVE;
				CLANG_CXX_LANGUAGE_STANDARD = "gnu++20";
				CLANG_ENABLE_MODULES = YES;
				CLANG_ENABLE_OBJC_ARC = YES;
				CLANG_ENABLE_OBJC_WEAK = YES;
				CLANG_WARN_BLOCK_CAPTURE_AUTORELEASING = YES;
				CLANG_WARN_BOOL_CONVERSION = YES;
				CLANG_WARN_COMMA = YES;
				CLANG_WARN_CONSTANT_CONVERSION = YES;
				CLANG_WARN_DEPRECATED_OBJC_IMPLEMENTATIONS = YES;
				CLANG_WARN_DIRECT_OBJC_ISA_USAGE = YES_ERROR;
				CLANG_WARN_DOCUMENTATION_COMMENTS = YES;
				CLANG_WARN_EMPTY_BODY = YES;
				CLANG_WARN_ENUM_CONVERSION = YES;
				CLANG_WARN_INFINITE_RECURSION = YES;
				CLANG_WARN_INT_CONVERSION = YES;
				CLANG_WARN_NON_LITERAL_NULL_CONVERSION = YES;
				CLANG_WARN_OBJC_IMPLICIT_RETAIN_SELF = YES;
				CLANG_WARN_OBJC_LITERAL_CONVERSION = YES;
				CLANG_WARN_OBJC_ROOT_CLASS = YES_ERROR;
				CLANG_WARN_QUOTED_INCLUDE_IN_FRAMEWORK_HEADER = YES;
				CLANG_WARN_RANGE_LOOP_ANALYSIS = YES;
				CLANG_WARN_STRICT_PROTOTYPES = YES;
				CLANG_WARN_SUSPICIOUS_MOVE = YES;
				CLANG_WARN_UNGUARDED_AVAILABILITY = YES_AGGRESSIVE;
				CLANG_WARN_UNREACHABLE_CODE = YES;
				CLANG_WARN__DUPLICATE_METHOD_MATCH = YES;
				COPY_PHASE_STRIP = NO;
				DEBUG_INFORMATION_FORMAT = dwarf;
				DEVELOPMENT_TEAM = "$(DEVELOPMENT_TEAM_ID)";
				ENABLE_STRICT_OBJC_MSGSEND = YES;
				ENABLE_TESTABILITY = YES;
				ENABLE_USER_SCRIPT_SANDBOXING = YES;
				GCC_C_LANGUAGE_STANDARD = gnu17;
				GCC_DYNAMIC_NO_PIC = NO;
				GCC_NO_COMMON_BLOCKS = YES;
				GCC_OPTIMIZATION_LEVEL = 0;
				GCC_PREPROCESSOR_DEFINITIONS = (
					"DEBUG=1",
					"$(inherited)",
				);
				GCC_WARN_64_TO_32_BIT_CONVERSION = YES;
				GCC_WARN_ABOUT_RETURN_TYPE = YES_ERROR;
				GCC_WARN_UNDECLARED_SELECTOR = YES;
				GCC_WARN_UNINITIALIZED_AUTOS = YES_AGGRESSIVE;
				GCC_WARN_UNUSED_FUNCTION = YES;
				GCC_WARN_UNUSED_VARIABLE = YES;
				IPHONEOS_DEPLOYMENT_TARGET = 18.5;
				LOCALIZATION_PREFERS_STRING_CATALOGS = YES;
				MTL_ENABLE_DEBUG_INFO = INCLUDE_SOURCE;
				MTL_FAST_MATH = YES;
				ONLY_ACTIVE_ARCH = YES;
				SDKROOT = iphoneos;
				SWIFT_ACTIVE_COMPILATION_CONDITIONS = "DEBUG $(inherited)";
				SWIFT_OPTIMIZATION_LEVEL = "-Onone";
			};
			name = Debug;
		};
		276A4DD32DE9B6EF0095C6A9 /* Release */ = {
			isa = XCBuildConfiguration;
			buildSettings = {
				ALWAYS_SEARCH_USER_PATHS = NO;
				ASSETCATALOG_COMPILER_GENERATE_SWIFT_ASSET_SYMBOL_EXTENSIONS = YES;
				CLANG_ANALYZER_NONNULL = YES;
				CLANG_ANALYZER_NUMBER_OBJECT_CONVERSION = YES_AGGRESSIVE;
				CLANG_CXX_LANGUAGE_STANDARD = "gnu++20";
				CLANG_ENABLE_MODULES = YES;
				CLANG_ENABLE_OBJC_ARC = YES;
				CLANG_ENABLE_OBJC_WEAK = YES;
				CLANG_WARN_BLOCK_CAPTURE_AUTORELEASING = YES;
				CLANG_WARN_BOOL_CONVERSION = YES;
				CLANG_WARN_COMMA = YES;
				CLANG_WARN_CONSTANT_CONVERSION = YES;
				CLANG_WARN_DEPRECATED_OBJC_IMPLEMENTATIONS = YES;
				CLANG_WARN_DIRECT_OBJC_ISA_USAGE = YES_ERROR;
				CLANG_WARN_DOCUMENTATION_COMMENTS = YES;
				CLANG_WARN_EMPTY_BODY = YES;
				CLANG_WARN_ENUM_CONVERSION = YES;
				CLANG_WARN_INFINITE_RECURSION = YES;
				CLANG_WARN_INT_CONVERSION = YES;
				CLANG_WARN_NON_LITERAL_NULL_CONVERSION = YES;
				CLANG_WARN_OBJC_IMPLICIT_RETAIN_SELF = YES;
				CLANG_WARN_OBJC_LITERAL_CONVERSION = YES;
				CLANG_WARN_OBJC_ROOT_CLASS = YES_ERROR;
				CLANG_WARN_QUOTED_INCLUDE_IN_FRAMEWORK_HEADER = YES;
				CLANG_WARN_RANGE_LOOP_ANALYSIS = YES;
				CLANG_WARN_STRICT_PROTOTYPES = YES;
				CLANG_WARN_SUSPICIOUS_MOVE = YES;
				CLANG_WARN_UNGUARDED_AVAILABILITY = YES_AGGRESSIVE;
				CLANG_WARN_UNREACHABLE_CODE = YES;
				CLANG_WARN__DUPLICATE_METHOD_MATCH = YES;
				COPY_PHASE_STRIP = NO;
				DEBUG_INFORMATION_FORMAT = "dwarf-with-dsym";
				DEVELOPMENT_TEAM = "$(DEVELOPMENT_TEAM_ID)";
				ENABLE_NS_ASSERTIONS = NO;
				ENABLE_STRICT_OBJC_MSGSEND = YES;
				ENABLE_USER_SCRIPT_SANDBOXING = YES;
				GCC_C_LANGUAGE_STANDARD = gnu17;
				GCC_NO_COMMON_BLOCKS = YES;
				GCC_WARN_64_TO_32_BIT_CONVERSION = YES;
				GCC_WARN_ABOUT_RETURN_TYPE = YES_ERROR;
				GCC_WARN_UNDECLARED_SELECTOR = YES;
				GCC_WARN_UNINITIALIZED_AUTOS = YES_AGGRESSIVE;
				GCC_WARN_UNUSED_FUNCTION = YES;
				GCC_WARN_UNUSED_VARIABLE = YES;
				IPHONEOS_DEPLOYMENT_TARGET = 18.5;
				LOCALIZATION_PREFERS_STRING_CATALOGS = YES;
				MTL_ENABLE_DEBUG_INFO = NO;
				MTL_FAST_MATH = YES;
				SDKROOT = iphoneos;
				SWIFT_COMPILATION_MODE = wholemodule;
				VALIDATE_PRODUCT = YES;
			};
			name = Release;
		};
		276A4DD52DE9B6EF0095C6A9 /* Debug */ = {
			isa = XCBuildConfiguration;
			buildSettings = {
				ALWAYS_EMBED_SWIFT_STANDARD_LIBRARIES = YES;
				ASSETCATALOG_COMPILER_APPICON_NAME = AppIcon;
				ASSETCATALOG_COMPILER_GLOBAL_ACCENT_COLOR_NAME = AccentColor;
				CODE_SIGN_ENTITLEMENTS = AkilesSDKDemo/AkilesSDKDemo.entitlements;
				CODE_SIGN_IDENTITY = "Apple Development";
				CODE_SIGN_STYLE = Automatic;
				CURRENT_PROJECT_VERSION = 1;
				DEVELOPMENT_TEAM = "$(DEVELOPMENT_TEAM_ID)";
				ENABLE_PREVIEWS = YES;
				FRAMEWORK_SEARCH_PATHS = (
					"$(inherited)",
					"$(SRCROOT)/../",
				);
				GENERATE_INFOPLIST_FILE = YES;
				INFOPLIST_FILE = AkilesSDKDemo/Info.plist;
				INFOPLIST_KEY_NFCReaderUsageDescription = "This app uses NFC to read and update Akiles access cards.";
				INFOPLIST_KEY_NSBluetoothAlwaysUsageDescription = "This app uses Bluetooth to communicate with Akiles hardware devices for access control.";
				INFOPLIST_KEY_NSBluetoothPeripheralUsageDescription = "This app uses Bluetooth to communicate with Akiles hardware devices for access control.";
				INFOPLIST_KEY_NSLocationUsageDescription = "The app uses location info if needed by devices.";
				INFOPLIST_KEY_NSLocationWhenInUseUsageDescription = "This app uses location services to enhance device discovery and proximity-based features.";
				INFOPLIST_KEY_UIApplicationSceneManifest_Generation = YES;
				INFOPLIST_KEY_UIApplicationSupportsIndirectInputEvents = YES;
				INFOPLIST_KEY_UILaunchScreen_Generation = YES;
				INFOPLIST_KEY_UISupportedInterfaceOrientations_iPad = "UIInterfaceOrientationPortrait UIInterfaceOrientationPortraitUpsideDown UIInterfaceOrientationLandscapeLeft UIInterfaceOrientationLandscapeRight";
				INFOPLIST_KEY_UISupportedInterfaceOrientations_iPhone = "UIInterfaceOrientationPortrait UIInterfaceOrientationLandscapeLeft UIInterfaceOrientationLandscapeRight";
				IPHONEOS_DEPLOYMENT_TARGET = 18.5;
				LD_RUNPATH_SEARCH_PATHS = (
					"$(inherited)",
					"@executable_path/Frameworks",
				);
				MARKETING_VERSION = 1.0;
				OTHER_LDFLAGS = "-v";
				PRODUCT_BUNDLE_IDENTIFIER = app.akiles.sdk.AkilesSDKDemo;
				PRODUCT_NAME = "$(TARGET_NAME)";
				PROVISIONING_PROFILE_SPECIFIER = "";
				SUPPORTED_PLATFORMS = "iphoneos iphonesimulator";
				SUPPORTS_MACCATALYST = NO;
				SUPPORTS_MAC_DESIGNED_FOR_IPHONE_IPAD = NO;
				SUPPORTS_XR_DESIGNED_FOR_IPHONE_IPAD = NO;
				SWIFT_EMIT_LOC_STRINGS = YES;
				SWIFT_VERSION = 5.0;
				TARGETED_DEVICE_FAMILY = 1;
			};
			name = Debug;
		};
		276A4DD62DE9B6EF0095C6A9 /* Release */ = {
			isa = XCBuildConfiguration;
			buildSettings = {
				ASSETCATALOG_COMPILER_APPICON_NAME = AppIcon;
				ASSETCATALOG_COMPILER_GLOBAL_ACCENT_COLOR_NAME = AccentColor;
				CODE_SIGN_ENTITLEMENTS = AkilesSDKDemo/AkilesSDKDemo.entitlements;
				CODE_SIGN_STYLE = Manual;
				CURRENT_PROJECT_VERSION = 1;
				DEVELOPMENT_TEAM = "";
				ENABLE_PREVIEWS = YES;
				GENERATE_INFOPLIST_FILE = YES;
				INFOPLIST_FILE = AkilesSDKDemo/Info.plist;
				INFOPLIST_KEY_NFCReaderUsageDescription = "This app uses NFC to read and update Akiles access cards.";
				INFOPLIST_KEY_NSBluetoothAlwaysUsageDescription = "This app uses Bluetooth to communicate with Akiles hardware devices for access control.";
				INFOPLIST_KEY_NSBluetoothPeripheralUsageDescription = "This app uses Bluetooth to communicate with Akiles hardware devices for access control.";
				INFOPLIST_KEY_NSLocationUsageDescription = "The app uses location info if needed by devices.";
				INFOPLIST_KEY_NSLocationWhenInUseUsageDescription = "This app uses location services to enhance device discovery and proximity-based features.";
				INFOPLIST_KEY_UIApplicationSceneManifest_Generation = YES;
				INFOPLIST_KEY_UIApplicationSupportsIndirectInputEvents = YES;
				INFOPLIST_KEY_UILaunchScreen_Generation = YES;
				INFOPLIST_KEY_UISupportedInterfaceOrientations_iPad = "UIInterfaceOrientationPortrait UIInterfaceOrientationPortraitUpsideDown UIInterfaceOrientationLandscapeLeft UIInterfaceOrientationLandscapeRight";
				INFOPLIST_KEY_UISupportedInterfaceOrientations_iPhone = "UIInterfaceOrientationPortrait UIInterfaceOrientationLandscapeLeft UIInterfaceOrientationLandscapeRight";
				IPHONEOS_DEPLOYMENT_TARGET = 18.5;
				LD_RUNPATH_SEARCH_PATHS = (
					"$(inherited)",
					"@executable_path/Frameworks",
				);
				MARKETING_VERSION = 1.0;
				OTHER_LDFLAGS = "-v";
				PRODUCT_BUNDLE_IDENTIFIER = app.akiles.sdk.AkilesSDKDemo;
				PRODUCT_NAME = "$(TARGET_NAME)";
				PROVISIONING_PROFILE_SPECIFIER = "";
				SUPPORTED_PLATFORMS = "iphoneos iphonesimulator";
				SUPPORTS_MACCATALYST = NO;
				SUPPORTS_MAC_DESIGNED_FOR_IPHONE_IPAD = NO;
				SUPPORTS_XR_DESIGNED_FOR_IPHONE_IPAD = NO;
				SWIFT_EMIT_LOC_STRINGS = YES;
				SWIFT_VERSION = 5.0;
				TARGETED_DEVICE_FAMILY = 1;
			};
			name = Release;
		};
		276A4DD82DE9B6EF0095C6A9 /* Debug */ = {
			isa = XCBuildConfiguration;
			buildSettings = {
				BUNDLE_LOADER = "$(TEST_HOST)";
				CODE_SIGN_STYLE = Automatic;
				CURRENT_PROJECT_VERSION = 1;
				DEVELOPMENT_TEAM = "$(DEVELOPMENT_TEAM_ID)";
				GENERATE_INFOPLIST_FILE = YES;
				IPHONEOS_DEPLOYMENT_TARGET = 18.5;
				MARKETING_VERSION = 1.0;
				PRODUCT_BUNDLE_IDENTIFIER = app.akiles.sdk.AkilesSDKDemoTests;
				PRODUCT_NAME = "$(TARGET_NAME)";
				SWIFT_EMIT_LOC_STRINGS = NO;
				SWIFT_VERSION = 5.0;
				TARGETED_DEVICE_FAMILY = "1,2";
				TEST_HOST = "$(BUILT_PRODUCTS_DIR)/AkilesSDKDemo.app/$(BUNDLE_EXECUTABLE_FOLDER_PATH)/AkilesSDKDemo";
			};
			name = Debug;
		};
		276A4DD92DE9B6EF0095C6A9 /* Release */ = {
			isa = XCBuildConfiguration;
			buildSettings = {
				BUNDLE_LOADER = "$(TEST_HOST)";
				CODE_SIGN_STYLE = Automatic;
				CURRENT_PROJECT_VERSION = 1;
				DEVELOPMENT_TEAM = "$(DEVELOPMENT_TEAM_ID)";
				GENERATE_INFOPLIST_FILE = YES;
				IPHONEOS_DEPLOYMENT_TARGET = 18.5;
				MARKETING_VERSION = 1.0;
				PRODUCT_BUNDLE_IDENTIFIER = app.akiles.sdk.AkilesSDKDemoTests;
				PRODUCT_NAME = "$(TARGET_NAME)";
				SWIFT_EMIT_LOC_STRINGS = NO;
				SWIFT_VERSION = 5.0;
				TARGETED_DEVICE_FAMILY = "1,2";
				TEST_HOST = "$(BUILT_PRODUCTS_DIR)/AkilesSDKDemo.app/$(BUNDLE_EXECUTABLE_FOLDER_PATH)/AkilesSDKDemo";
			};
			name = Release;
		};
		276A4DDB2DE9B6EF0095C6A9 /* Debug */ = {
			isa = XCBuildConfiguration;
			buildSettings = {
				CODE_SIGN_STYLE = Automatic;
				CURRENT_PROJECT_VERSION = 1;
				DEVELOPMENT_TEAM = "$(DEVELOPMENT_TEAM_ID)";
				GENERATE_INFOPLIST_FILE = YES;
				MARKETING_VERSION = 1.0;
				PRODUCT_BUNDLE_IDENTIFIER = app.akiles.sdk.AkilesSDKDemoUITests;
				PRODUCT_NAME = "$(TARGET_NAME)";
				SWIFT_EMIT_LOC_STRINGS = NO;
				SWIFT_VERSION = 5.0;
				TARGETED_DEVICE_FAMILY = "1,2";
				TEST_TARGET_NAME = AkilesSDKDemo;
			};
			name = Debug;
		};
		276A4DDC2DE9B6EF0095C6A9 /* Release */ = {
			isa = XCBuildConfiguration;
			buildSettings = {
				CODE_SIGN_STYLE = Automatic;
				CURRENT_PROJECT_VERSION = 1;
				DEVELOPMENT_TEAM = "$(DEVELOPMENT_TEAM_ID)";
				GENERATE_INFOPLIST_FILE = YES;
				MARKETING_VERSION = 1.0;
				PRODUCT_BUNDLE_IDENTIFIER = app.akiles.sdk.AkilesSDKDemoUITests;
				PRODUCT_NAME = "$(TARGET_NAME)";
				SWIFT_EMIT_LOC_STRINGS = NO;
				SWIFT_VERSION = 5.0;
				TARGETED_DEVICE_FAMILY = "1,2";
				TEST_TARGET_NAME = AkilesSDKDemo;
			};
			name = Release;
		};
/* End XCBuildConfiguration section */

/* Begin XCConfigurationList section */
		276A4DAE2DE9B6EE0095C6A9 /* Build configuration list for PBXProject "AkilesSDKDemo" */ = {
			isa = XCConfigurationList;
			buildConfigurations = (
				276A4DD22DE9B6EF0095C6A9 /* Debug */,
				276A4DD32DE9B6EF0095C6A9 /* Release */,
			);
			defaultConfigurationIsVisible = 0;
			defaultConfigurationName = Release;
		};
		276A4DD42DE9B6EF0095C6A9 /* Build configuration list for PBXNativeTarget "AkilesSDKDemo" */ = {
			isa = XCConfigurationList;
			buildConfigurations = (
				276A4DD52DE9B6EF0095C6A9 /* Debug */,
				276A4DD62DE9B6EF0095C6A9 /* Release */,
			);
			defaultConfigurationIsVisible = 0;
			defaultConfigurationName = Release;
		};
		276A4DD72DE9B6EF0095C6A9 /* Build configuration list for PBXNativeTarget "AkilesSDKDemoTests" */ = {
			isa = XCConfigurationList;
			buildConfigurations = (
				276A4DD82DE9B6EF0095C6A9 /* Debug */,
				276A4DD92DE9B6EF0095C6A9 /* Release */,
			);
			defaultConfigurationIsVisible = 0;
			defaultConfigurationName = Release;
		};
		276A4DDA2DE9B6EF0095C6A9 /* Build configuration list for PBXNativeTarget "AkilesSDKDemoUITests" */ = {
			isa = XCConfigurationList;
			buildConfigurations = (
				276A4DDB2DE9B6EF0095C6A9 /* Debug */,
				276A4DDC2DE9B6EF0095C6A9 /* Release */,
			);
			defaultConfigurationIsVisible = 0;
			defaultConfigurationName = Release;
		};
/* End XCConfigurationList section */
	};
	rootObject = 276A4DAB2DE9B6EE0095C6A9 /* Project object */;
}
